filippo.io/edwards25519 v1.1.0 h1:FNf4tywRC1HmFuKW5xopWpigGjJKiJSV0Cqo0cJWDaA=
filippo.io/edwards25519 v1.1.0/go.mod h1:BxyFTGdWcka3PhytdK4V28tE5sGfRvvvRV7EaN4VDT4=
github.com/HimbeerserverDE/mt v0.0.0-20260821120253-7d1d3af7c7d4 h1:g/TakJd7FnvkfHeLxrmUlK+j0nqTvf4e8xt8xZDaY/w=
github.com/HimbeerserverDE/mt v0.0.0-20260821120253-7d1d3af7c7d4/go.mod h1:XBuQTTN4Z8qkj+NrPGT5Iwq+4rriH6wu+iI5xuJJRRw=
github.com/HimbeerserverDE/mt-multiserver-proxy v0.0.0-20260908131842-8f35693c5ce9 h1:6N7IZ+TEFKlW3whL656xbWxTg48r9W+KRf4/kYXmsb4=
github.com/HimbeerserverDE/mt-multiserver-proxy v0.0.0-20260908131842-8f35693c5ce9/go.mod h1:ifBT0CdpxThaD7JC+Q/Qr5zMozoO3tb5z7J+qKN+uaw=
github.com/HimbeerserverDE/srp v0.0.0 h1:Iy2GIF7DJphXXO9NjncLEBO6VsZd8Yhrlxl/qTr09eE=
github.com/HimbeerserverDE/srp v0.0.0/go.mod h1:pxNH8S2nh4n2DWE0ToX5GnnDr/uEAuaAhJsCpkDLIWw=
github.com/go-sql-driver/mysql v1.9.3 h1:U/N249h2WzJ3Ukj8SowVFjdtZKfu9vlLZxjPXV1aweo=
github.com/go-sql-driver/mysql v1.9.3/go.mod h1:qn46aNg1333BRMNU69Lq93t8du/dwxI64Gl8i5p1WMU=
github.com/klauspost/compress v1.19.2 h1:hMRETovs/pu/dVWN7zIT1PGG8t509MwT6bO7XSi26R8=
github.com/klauspost/compress v1.19.2/go.mod h1:cwPg85FWrGar70rWktvGQj8/hthj3wpl0PGDogxkrSQ=
github.com/lib/pq v1.12.3 h1:tTWxr2YLKwIvK90ZXEw8GP7UFHtcbTtty8zsI+YjrfQ=
github.com/lib/pq v1.12.3/go.mod h1:/p+8NSbOcwzAEI7wiMXFlgydTwcgTr3OSKMsD2BitpA=
github.com/mattn/go-sqlite3 v1.14.50 h1:dmdFvo1XG4MPzA4IkAmE9upVz/Nj31uRoM5+jC8hYbY=
github.com/mattn/go-sqlite3 v1.14.50/go.mod h1:6JTjA44L93a0QCyJef5YvlPoKXntQPjzWv5gtm9sB6w=
